// !$*UTF8*$!
{
	archiveVersion = 1;
	classes = {
	};
	objectVersion = 46;
	objects = {

/* Begin PBXBuildFile section */
		3CB4E9CB15D2A8D1004EB71D /* MLAnn.cpp in Sources */ = {isa = PBXBuildFile; fileRef = 3CB4E9C915D2A8D1004EB71D /* MLAnn.cpp */; };
		3CBB5BF415D28DAF0064C253 /* main.cpp in Sources */ = {isa = PBXBuildFile; fileRef = 3CBB5BF315D28DAF0064C253 /* main.cpp */; };
		3CBB5BF615D28DAF0064C253 /* MLAnn.1 in CopyFiles */ = {isa = PBXBuildFile; fileRef = 3CBB5BF515D28DAF0064C253 /* MLAnn.1 */; };
/* End PBXBuildFile section */

/* Begin PBXCopyFilesBuildPhase section */
		3CBB5BED15D28DAF0064C253 /* CopyFiles */ = {
			isa = PBXCopyFilesBuildPhase;
			buildActionMask = 2147483647;
			dstPath = /usr/share/man/man1/;
			dstSubfolderSpec = 0;
			files = (
				3CBB5BF615D28DAF0064C253 /* MLAnn.1 in CopyFiles */,
			);
			runOnlyForDeploymentPostprocessing = 1;
		};
/* End PBXCopyFilesBuildPhase section */

/* Begin PBXFileReference section */
		3CB4E9C615D2A5D5004EB71D /* Eigen */ = {isa = PBXFileReference; lastKnownFileType = folder; path = Eigen; sourceTree = "<group>"; };
		3CB4E9C815D2A6CA004EB71D /* mlAnnApp.h */ = {isa = PBXFileReference; fileEncoding = 4; lastKnownFileType = sourcecode.c.h; path = mlAnnApp.h; sourceTree = "<group>"; };
		3CB4E9C915D2A8D1004EB71D /* MLAnn.cpp */ = {isa = PBXFileReference; fileEncoding = 4; lastKnownFileType = sourcecode.cpp.cpp; path = MLAnn.cpp; sourceTree = "<group>"; };
		3CB4E9CA15D2A8D1004EB71D /* MLAnn.h */ = {isa = PBXFileReference; fileEncoding = 4; lastKnownFileType = sourcecode.c.h; path = MLAnn.h; sourceTree = "<group>"; };
		3CBB5BEF15D28DAF0064C253 /* mlAnnApp */ = {isa = PBXFileReference; explicitFileType = "compiled.mach-o.executable"; includeInIndex = 0; path = mlAnnApp; sourceTree = BUILT_PRODUCTS_DIR; };
		3CBB5BF315D28DAF0064C253 /* main.cpp */ = {isa = PBXFileReference; lastKnownFileType = sourcecode.cpp.cpp; path = main.cpp; sourceTree = "<group>"; };
		3CBB5BF515D28DAF0064C253 /* MLAnn.1 */ = {isa = PBXFileReference; lastKnownFileType = text.man; path = MLAnn.1; sourceTree = "<group>"; };
/* End PBXFileReference section */

/* Begin PBXFrameworksBuildPhase section */
		3CBB5BEC15D28DAF0064C253 /* Frameworks */ = {
			isa = PBXFrameworksBuildPhase;
			buildActionMask = 2147483647;
			files = (
			);
			runOnlyForDeploymentPostprocessing = 0;
		};
/* End PBXFrameworksBuildPhase section */

/* Begin PBXGroup section */
		3CBB5BE415D28DAF0064C253 = {
			isa = PBXGroup;
			children = (
				3CBB5BF215D28DAF0064C253 /* MLAnn */,
				3CBB5BF015D28DAF0064C253 /* Products */,
			);
			sourceTree = "<group>";
		};
		3CBB5BF015D28DAF0064C253 /* Products */ = {
			isa = PBXGroup;
			children = (
				3CBB5BEF15D28DAF0064C253 /* mlAnnApp */,
			);
			name = Products;
			sourceTree = "<group>";
		};
		3CBB5BF215D28DAF0064C253 /* MLAnn */ = {
			isa = PBXGroup;
			children = (
				3CBB5BF315D28DAF0064C253 /* main.cpp */,
				3CB4E9C615D2A5D5004EB71D /* Eigen */,
				3CBB5BF515D28DAF0064C253 /* MLAnn.1 */,
				3CB4E9C815D2A6CA004EB71D /* mlAnnApp.h */,
				3CB4E9C915D2A8D1004EB71D /* MLAnn.cpp */,
				3CB4E9CA15D2A8D1004EB71D /* MLAnn.h */,
			);
			path = MLAnn;
			sourceTree = "<group>";
		};
/* End PBXGroup section */

/* Begin PBXNativeTarget section */
		3CBB5BEE15D28DAF0064C253 /* MLAnn */ = {
			isa = PBXNativeTarget;
			buildConfigurationList = 3CBB5BF915D28DAF0064C253 /* Build configuration list for PBXNativeTarget "MLAnn" */;
			buildPhases = (
				3CBB5BEB15D28DAF0064C253 /* Sources */,
				3CBB5BEC15D28DAF0064C253 /* Frameworks */,
				3CBB5BED15D28DAF0064C253 /* CopyFiles */,
			);
			buildRules = (
			);
			dependencies = (
			);
			name = MLAnn;
			productName = MLAnn;
			productReference = 3CBB5BEF15D28DAF0064C253 /* mlAnnApp */;
			productType = "com.apple.product-type.tool";
		};
/* End PBXNativeTarget section */

/* Begin PBXProject section */
		3CBB5BE615D28DAF0064C253 /* Project object */ = {
			isa = PBXProject;
			attributes = {
				LastUpgradeCheck = 0440;
				ORGANIZATIONNAME = "James Dean";
			};
			buildConfigurationList = 3CBB5BE915D28DAF0064C253 /* Build configuration list for PBXProject "MLAnn" */;
			compatibilityVersion = "Xcode 3.2";
			developmentRegion = English;
			hasScannedForEncodings = 0;
			knownRegions = (
				en,
			);
			mainGroup = 3CBB5BE415D28DAF0064C253;
			productRefGroup = 3CBB5BF015D28DAF0064C253 /* Products */;
			projectDirPath = "";
			projectRoot = "";
			targets = (
				3CBB5BEE15D28DAF0064C253 /* MLAnn */,
			);
		};
/* End PBXProject section */

/* Begin PBXSourcesBuildPhase section */
		3CBB5BEB15D28DAF0064C253 /* Sources */ = {
			isa = PBXSourcesBuildPhase;
			buildActionMask = 2147483647;
			files = (
				3CBB5BF415D28DAF0064C253 /* main.cpp in Sources */,
				3CB4E9CB15D2A8D1004EB71D /* MLAnn.cpp in Sources */,
			);
			runOnlyForDeploymentPostprocessing = 0;
		};
/* End PBXSourcesBuildPhase section */

/* Begin XCBuildConfiguration section */
		3CBB5BF715D28DAF0064C253 /* Debug */ = {
			isa = XCBuildConfiguration;
			buildSettings = {
				ALWAYS_SEARCH_USER_PATHS = NO;
				ARCHS = "$(ARCHS_STANDARD_64_BIT)";
				CLANG_CXX_LANGUAGE_STANDARD = "gnu++0x";
				CLANG_ENABLE_OBJC_ARC = YES;
				CLANG_WARN__DUPLICATE_METHOD_MATCH = YES;
				COPY_PHASE_STRIP = NO;
				GCC_C_LANGUAGE_STANDARD = gnu99;
				GCC_DYNAMIC_NO_PIC = NO;
				GCC_ENABLE_OBJC_EXCEPTIONS = YES;
				GCC_OPTIMIZATION_LEVEL = 0;
				GCC_PREPROCESSOR_DEFINITIONS = (
					"DEBUG=1",
					"$(inherited)",
				);
				GCC_SYMBOLS_PRIVATE_EXTERN = NO;
				GCC_WARN_64_TO_32_BIT_CONVERSION = YES;
				GCC_WARN_ABOUT_RETURN_TYPE = YES;
				GCC_WARN_UNINITIALIZED_AUTOS = YES;
				GCC_WARN_UNUSED_VARIABLE = YES;
				MACOSX_DEPLOYMENT_TARGET = 10.8;
				ONLY_ACTIVE_ARCH = YES;
				SDKROOT = macosx;
			};
			name = Debug;
		};
		3CBB5BF815D28DAF0064C253 /* Release */ = {
			isa = XCBuildConfiguration;
			buildSettings = {
				ALWAYS_SEARCH_USER_PATHS = NO;
				ARCHS = "$(ARCHS_STANDARD_64_BIT)";
				CLANG_CXX_LANGUAGE_STANDARD = "gnu++0x";
				CLANG_ENABLE_OBJC_ARC = YES;
				CLANG_WARN__DUPLICATE_METHOD_MATCH = YES;
				COPY_PHASE_STRIP = YES;
				DEBUG_INFORMATION_FORMAT = "dwarf-with-dsym";
				GCC_C_LANGUAGE_STANDARD = gnu99;
				GCC_ENABLE_OBJC_EXCEPTIONS = YES;
				GCC_WARN_64_TO_32_BIT_CONVERSION = YES;
				GCC_WARN_ABOUT_RETURN_TYPE = YES;
				GCC_WARN_UNINITIALIZED_AUTOS = YES;
				GCC_WARN_UNUSED_VARIABLE = YES;
				MACOSX_DEPLOYMENT_TARGET = 10.8;
				SDKROOT = macosx;
			};
			name = Release;
		};
		3CBB5BFA15D28DAF0064C253 /* Debug */ = {
			isa = XCBuildConfiguration;
			buildSettings = {
				PRODUCT_NAME = mlAnnApp;
			};
			name = Debug;
		};
		3CBB5BFB15D28DAF0064C253 /* Release */ = {
			isa = XCBuildConfiguration;
			buildSettings = {
				PRODUCT_NAME = mlAnnApp;
			};
			name = Release;
		};
/* End XCBuildConfiguration section */

/* Begin XCConfigurationList section */
		3CBB5BE915D28DAF0064C253 /* Build configuration list for PBXProject "MLAnn" */ = {
			isa = XCConfigurationList;
			buildConfigurations = (
				3CBB5BF715D28DAF0064C253 /* Debug */,
				3CBB5BF815D28DAF0064C253 /* Release */,
			);
			defaultConfigurationIsVisible = 0;
			defaultConfigurationName = Release;
		};
		3CBB5BF915D28DAF0064C253 /* Build configuration list for PBXNativeTarget "MLAnn" */ = {
			isa = XCConfigurationList;
			buildConfigurations = (
				3CBB5BFA15D28DAF0064C253 /* Debug */,
				3CBB5BFB15D28DAF0064C253 /* Release */,
			);
			defaultConfigurationIsVisible = 0;
			defaultConfigurationName = Release;
		};
/* End XCConfigurationList section */
	};
	rootObject = 3CBB5BE615D28DAF0064C253 /* Project object */;
}
